{
  "name": "glint-host-registry",
  "version": "1.0.0",
  "lockfileVersion": 3,
  "requires": true,
  "packages": {
    "": {
      "name": "glint-host-registry",
      "version": "1.0.0",
      "hasInstallScript": true,
      "dependencies": {
        "@auth/prisma-adapter": "^2.11.3"
      }
    }
  }
}
